{
  "name": "nodejs-examples",
  "lockfileVersion": 2,
  "requires": true,
  "packages": {
    "": {
      "dependencies": {
        "bytenode": "^1.2.1"
      }
    },
    "node_modules/bytenode": {
      "version": "1.2.1",
      "resolved": "https://registry.npmjs.org/bytenode/-/bytenode-1.2.1.tgz",
      "integrity": "sha512-mIky5YpIcDuoimVHs6p+Umh8By/kPZ7AuteTsYcIEoh86Z0jo6YgExij8D2Gt2A0+WWiraEnVDQRZipBSHaIHA==",
      "bin": {
        "bytenode": "cli.js"
      }
    }
  },
  "dependencies": {
    "bytenode": {
      "version": "1.2.1",
      "resolved": "https://registry.npmjs.org/bytenode/-/bytenode-1.2.1.tgz",
      "integrity": "sha512-mIky5YpIcDuoimVHs6p+Umh8By/kPZ7AuteTsYcIEoh86Z0jo6YgExij8D2Gt2A0+WWiraEnVDQRZipBSHaIHA=="
    }
  }
}
